
Microsoft Visual Studio Solution File, Format Version 12.00
# Visual Studio Version 17
VisualStudioVersion = 17.5.33516.290
MinimumVisualStudioVersion = 10.0.40219.1
Project("{8BC9CEB8-8B4A-11D0-8D11-00A0C91BC942}") = "SengokuSimulation", "SengokuSimulation\SengokuSimulation.vcxproj", "{5237DEFB-277C-449E-9992-9AF845A70C47}"
EndProject
Global
	GlobalSection(SolutionConfigurationPlatforms) = preSolution
		Debug|x64 = Debug|x64
		Debug|x86 = Debug|x86
		Release|x64 = Release|x64
		Release|x86 = Release|x86
	EndGlobalSection
	GlobalSection(ProjectConfigurationPlatforms) = postSolution
		{5237DEFB-277C-449E-9992-9AF845A70C47}.Debug|x64.ActiveCfg = Debug|x64
		{5237DEFB-277C-449E-9992-9AF845A70C47}.Debug|x64.Build.0 = Debug|x64
		{5237DEFB-277C-449E-9992-9AF845A70C47}.Debug|x86.ActiveCfg = Debug|Win32
		{5237DEFB-277C-449E-9992-9AF845A70C47}.Debug|x86.Build.0 = Debug|Win32
		{5237DEFB-277C-449E-9992-9AF845A70C47}.Release|x64.ActiveCfg = Release|x64
		{5237DEFB-277C-449E-9992-9AF845A70C47}.Release|x64.Build.0 = Release|x64
		{5237DEFB-277C-449E-9992-9AF845A70C47}.Release|x86.ActiveCfg = Release|Win32
		{5237DEFB-277C-449E-9992-9AF845A70C47}.Release|x86.Build.0 = Release|Win32
	EndGlobalSection
	GlobalSection(SolutionProperties) = preSolution
		HideSolutionNode = FALSE
	EndGlobalSection
	GlobalSection(ExtensibilityGlobals) = postSolution
		SolutionGuid = {48782419-1B69-4908-830C-A5A106222D67}
	EndGlobalSection
EndGlobal
